
Microsoft Visual Studio Solution File, Format Version 12.00
# Visual Studio Version 17
VisualStudioVersion = 17.4.33213.308
MinimumVisualStudioVersion = 10.0.40219.1
Project("{9A19103F-16F7-4668-BE54-9A1E7A4F7556}") = "DesignPatterns", "DesignPatterns\DesignPatterns.csproj", "{5871D912-409F-432F-A327-D4A91582063B}"
EndProject
Project("{9A19103F-16F7-4668-BE54-9A1E7A4F7556}") = "DesignPatternsAsp", "DesignPatternsAsp\DesignPatternsAsp.csproj", "{897F6261-5583-4983-B35B-B73095F77AB3}"
EndProject
Project("{9A19103F-16F7-4668-BE54-9A1E7A4F7556}") = "Tools", "Tools\Tools.csproj", "{202D6604-171B-49F7-A4B1-1FC6E727F74B}"
EndProject
Project("{FAE04EC0-301F-11D3-BF4B-00C04F79EFBC}") = "DesignPatterns.Models", "DesignPatterns.Models\DesignPatterns.Models.csproj", "{EF08790D-D3C3-487F-90C8-44CFB25546F5}"
EndProject
Project("{FAE04EC0-301F-11D3-BF4B-00C04F79EFBC}") = "DesignPatterns.Repository", "DesignPatterns.Repository\DesignPatterns.Repository.csproj", "{9DF24448-166C-480A-8BCF-88A2404E47BD}"
EndProject
Global
	GlobalSection(SolutionConfigurationPlatforms) = preSolution
		Debug|Any CPU = Debug|Any CPU
		Release|Any CPU = Release|Any CPU
	EndGlobalSection
	GlobalSection(ProjectConfigurationPlatforms) = postSolution
		{5871D912-409F-432F-A327-D4A91582063B}.Debug|Any CPU.ActiveCfg = Debug|Any CPU
		{5871D912-409F-432F-A327-D4A91582063B}.Debug|Any CPU.Build.0 = Debug|Any CPU
		{5871D912-409F-432F-A327-D4A91582063B}.Release|Any CPU.ActiveCfg = Release|Any CPU
		{5871D912-409F-432F-A327-D4A91582063B}.Release|Any CPU.Build.0 = Release|Any CPU
		{897F6261-5583-4983-B35B-B73095F77AB3}.Debug|Any CPU.ActiveCfg = Debug|Any CPU
		{897F6261-5583-4983-B35B-B73095F77AB3}.Debug|Any CPU.Build.0 = Debug|Any CPU
		{897F6261-5583-4983-B35B-B73095F77AB3}.Release|Any CPU.ActiveCfg = Release|Any CPU
		{897F6261-5583-4983-B35B-B73095F77AB3}.Release|Any CPU.Build.0 = Release|Any CPU
		{202D6604-171B-49F7-A4B1-1FC6E727F74B}.Debug|Any CPU.ActiveCfg = Debug|Any CPU
		{202D6604-171B-49F7-A4B1-1FC6E727F74B}.Debug|Any CPU.Build.0 = Debug|Any CPU
		{202D6604-171B-49F7-A4B1-1FC6E727F74B}.Release|Any CPU.ActiveCfg = Release|Any CPU
		{202D6604-171B-49F7-A4B1-1FC6E727F74B}.Release|Any CPU.Build.0 = Release|Any CPU
		{EF08790D-D3C3-487F-90C8-44CFB25546F5}.Debug|Any CPU.ActiveCfg = Debug|Any CPU
		{EF08790D-D3C3-487F-90C8-44CFB25546F5}.Debug|Any CPU.Build.0 = Debug|Any CPU
		{EF08790D-D3C3-487F-90C8-44CFB25546F5}.Release|Any CPU.ActiveCfg = Release|Any CPU
		{EF08790D-D3C3-487F-90C8-44CFB25546F5}.Release|Any CPU.Build.0 = Release|Any CPU
		{9DF24448-166C-480A-8BCF-88A2404E47BD}.Debug|Any CPU.ActiveCfg = Debug|Any CPU
		{9DF24448-166C-480A-8BCF-88A2404E47BD}.Debug|Any CPU.Build.0 = Debug|Any CPU
		{9DF24448-166C-480A-8BCF-88A2404E47BD}.Release|Any CPU.ActiveCfg = Release|Any CPU
		{9DF24448-166C-480A-8BCF-88A2404E47BD}.Release|Any CPU.Build.0 = Release|Any CPU
	EndGlobalSection
	GlobalSection(SolutionProperties) = preSolution
		HideSolutionNode = FALSE
	EndGlobalSection
	GlobalSection(ExtensibilityGlobals) = postSolution
		SolutionGuid = {5DD86C15-ED2D-47B0-903F-DC6AB4750AFE}
	EndGlobalSection
EndGlobal
